{
  "name": "ajs-clone",
  "version": "1.0.0",
  "lockfileVersion": 3,
  "requires": true,
  "packages": {
    "": {
      "name": "ajs-clone",
      "version": "1.0.0",
      "license": "ISC",
      "dependencies": {
        "@dmitryshjob/ajs": "^1.0.0"
      }
    },
    "node_modules/@dmitryshjob/ajs": {
      "version": "1.0.0",
      "resolved": "https://npm.pkg.github.com/download/@dmitryshjob/ajs/1.0.0/88aa048ae58188ef92eb986cefe75757214f7853",
      "integrity": "sha512-OhUHZ+RYYsFnxRSLw7ea13XE0i3lxvjLMBNRVJJbBYWTonBI2Qor27T0lSo6CYpTJnD3EKiDztEVx5E/KDQm8Q==",
      "license": "ISC"
    }
  }
}
